
Microsoft Visual Studio Solution File, Format Version 12.00
Project("{FAE04EC0-301F-11D3-BF4B-00C04F79EFBC}") = "Exercise1-1-3", "Exercise1-1-3\Exercise1-1-3.csproj", "{E22DC58D-D9C2-4351-890F-56A950026925}"
EndProject
Project("{FAE04EC0-301F-11D3-BF4B-00C04F79EFBC}") = "Exercise1-2-1", "Exercise1-2-1\Exercise1-2-1.csproj", "{C93A0BC2-509C-4400-BDCF-90671F2BF4F8}"
EndProject
Global
	GlobalSection(SolutionConfigurationPlatforms) = preSolution
		Debug|Any CPU = Debug|Any CPU
		Release|Any CPU = Release|Any CPU
	EndGlobalSection
	GlobalSection(ProjectConfigurationPlatforms) = postSolution
		{E22DC58D-D9C2-4351-890F-56A950026925}.Debug|Any CPU.ActiveCfg = Debug|Any CPU
		{E22DC58D-D9C2-4351-890F-56A950026925}.Debug|Any CPU.Build.0 = Debug|Any CPU
		{E22DC58D-D9C2-4351-890F-56A950026925}.Release|Any CPU.ActiveCfg = Release|Any CPU
		{E22DC58D-D9C2-4351-890F-56A950026925}.Release|Any CPU.Build.0 = Release|Any CPU
		{C93A0BC2-509C-4400-BDCF-90671F2BF4F8}.Debug|Any CPU.ActiveCfg = Debug|Any CPU
		{C93A0BC2-509C-4400-BDCF-90671F2BF4F8}.Debug|Any CPU.Build.0 = Debug|Any CPU
		{C93A0BC2-509C-4400-BDCF-90671F2BF4F8}.Release|Any CPU.ActiveCfg = Release|Any CPU
		{C93A0BC2-509C-4400-BDCF-90671F2BF4F8}.Release|Any CPU.Build.0 = Release|Any CPU
	EndGlobalSection
EndGlobal
